
Microsoft Visual Studio Solution File, Format Version 12.00
# Visual Studio Version 17
VisualStudioVersion = 17.4.33205.214
MinimumVisualStudioVersion = 10.0.40219.1
Project("{FAE04EC0-301F-11D3-BF4B-00C04F79EFBC}") = "MagicVilla_VillaAPI", "MagicVilla_VillaAPI\MagicVilla_VillaAPI.csproj", "{B923305C-5C2E-472A-9113-D20638AAB6D9}"
EndProject
Global
	GlobalSection(SolutionConfigurationPlatforms) = preSolution
		Debug|Any CPU = Debug|Any CPU
		Release|Any CPU = Release|Any CPU
	EndGlobalSection
	GlobalSection(ProjectConfigurationPlatforms) = postSolution
		{B923305C-5C2E-472A-9113-D20638AAB6D9}.Debug|Any CPU.ActiveCfg = Debug|Any CPU
		{B923305C-5C2E-472A-9113-D20638AAB6D9}.Debug|Any CPU.Build.0 = Debug|Any CPU
		{B923305C-5C2E-472A-9113-D20638AAB6D9}.Release|Any CPU.ActiveCfg = Release|Any CPU
		{B923305C-5C2E-472A-9113-D20638AAB6D9}.Release|Any CPU.Build.0 = Release|Any CPU
	EndGlobalSection
	GlobalSection(SolutionProperties) = preSolution
		HideSolutionNode = FALSE
	EndGlobalSection
	GlobalSection(ExtensibilityGlobals) = postSolution
		SolutionGuid = {6AF08124-A9CC-4685-88DB-EF1BCA25432A}
	EndGlobalSection
EndGlobal
